
Microsoft Visual Studio Solution File, Format Version 12.00
# Visual Studio Version 17
VisualStudioVersion = 17.9.34701.34
MinimumVisualStudioVersion = 10.0.40219.1
Project("{FAE04EC0-301F-11D3-BF4B-00C04F79EFBC}") = "RazorPagesMovie", "RazorPagesMovie\RazorPagesMovie.csproj", "{6A80B42B-71A6-4E81-A8D3-3EE973143A87}"
EndProject
Global
	GlobalSection(SolutionConfigurationPlatforms) = preSolution
		Debug|Any CPU = Debug|Any CPU
		Release|Any CPU = Release|Any CPU
	EndGlobalSection
	GlobalSection(ProjectConfigurationPlatforms) = postSolution
		{6A80B42B-71A6-4E81-A8D3-3EE973143A87}.Debug|Any CPU.ActiveCfg = Debug|Any CPU
		{6A80B42B-71A6-4E81-A8D3-3EE973143A87}.Debug|Any CPU.Build.0 = Debug|Any CPU
		{6A80B42B-71A6-4E81-A8D3-3EE973143A87}.Release|Any CPU.ActiveCfg = Release|Any CPU
		{6A80B42B-71A6-4E81-A8D3-3EE973143A87}.Release|Any CPU.Build.0 = Release|Any CPU
	EndGlobalSection
	GlobalSection(SolutionProperties) = preSolution
		HideSolutionNode = FALSE
	EndGlobalSection
	GlobalSection(ExtensibilityGlobals) = postSolution
		SolutionGuid = {CA0D806B-5FAF-4FCC-8F7D-16DB3050FCF8}
	EndGlobalSection
EndGlobal
