
Microsoft Visual Studio Solution File, Format Version 12.00
# Visual Studio Version 17
VisualStudioVersion = 17.9.34701.34
MinimumVisualStudioVersion = 10.0.40219.1
Project("{FAE04EC0-301F-11D3-BF4B-00C04F79EFBC}") = "WebMVCR1", "WebMVCR1\WebMVCR1.csproj", "{86AAB124-D68C-4818-8BDD-09EDB7069168}"
EndProject
Global
	GlobalSection(SolutionConfigurationPlatforms) = preSolution
		Debug|Any CPU = Debug|Any CPU
		Release|Any CPU = Release|Any CPU
	EndGlobalSection
	GlobalSection(ProjectConfigurationPlatforms) = postSolution
		{86AAB124-D68C-4818-8BDD-09EDB7069168}.Debug|Any CPU.ActiveCfg = Debug|Any CPU
		{86AAB124-D68C-4818-8BDD-09EDB7069168}.Debug|Any CPU.Build.0 = Debug|Any CPU
		{86AAB124-D68C-4818-8BDD-09EDB7069168}.Release|Any CPU.ActiveCfg = Release|Any CPU
		{86AAB124-D68C-4818-8BDD-09EDB7069168}.Release|Any CPU.Build.0 = Release|Any CPU
	EndGlobalSection
	GlobalSection(SolutionProperties) = preSolution
		HideSolutionNode = FALSE
	EndGlobalSection
	GlobalSection(ExtensibilityGlobals) = postSolution
		SolutionGuid = {65B112F2-94CE-40BB-901C-DBC1BDE70B4F}
	EndGlobalSection
EndGlobal
